
Microsoft Visual Studio Solution File, Format Version 12.00
# Visual Studio Version 17
VisualStudioVersion = 17.5.33627.172
MinimumVisualStudioVersion = 10.0.40219.1
Project("{FAE04EC0-301F-11D3-BF4B-00C04F79EFBC}") = "ConsoleApp1", "ConsoleApp1.csproj", "{A951E9D6-1AAF-4761-A37A-44C16F5077D3}"
EndProject
Global
	GlobalSection(SolutionConfigurationPlatforms) = preSolution
		Debug|Any CPU = Debug|Any CPU
		Release|Any CPU = Release|Any CPU
	EndGlobalSection
	GlobalSection(ProjectConfigurationPlatforms) = postSolution
		{A951E9D6-1AAF-4761-A37A-44C16F5077D3}.Debug|Any CPU.ActiveCfg = Debug|Any CPU
		{A951E9D6-1AAF-4761-A37A-44C16F5077D3}.Debug|Any CPU.Build.0 = Debug|Any CPU
		{A951E9D6-1AAF-4761-A37A-44C16F5077D3}.Release|Any CPU.ActiveCfg = Release|Any CPU
		{A951E9D6-1AAF-4761-A37A-44C16F5077D3}.Release|Any CPU.Build.0 = Release|Any CPU
	EndGlobalSection
	GlobalSection(SolutionProperties) = preSolution
		HideSolutionNode = FALSE
	EndGlobalSection
	GlobalSection(ExtensibilityGlobals) = postSolution
		SolutionGuid = {AE6C63EA-681C-4638-B026-90602D2FB8A5}
	EndGlobalSection
EndGlobal
