
Microsoft Visual Studio Solution File, Format Version 12.00
# Visual Studio Version 17
VisualStudioVersion = 17.5.33627.172
MinimumVisualStudioVersion = 10.0.40219.1
Project("{FAE04EC0-301F-11D3-BF4B-00C04F79EFBC}") = "SwinAdventure", "SwinAdventure.csproj", "{D779E47F-3BB8-4129-8ADA-12C47612A2E0}"
EndProject
Project("{FAE04EC0-301F-11D3-BF4B-00C04F79EFBC}") = "TestProject", "..\TestProject\TestProject.csproj", "{EAB9FE9C-76D2-4BA9-B854-43AB8FC1819C}"
EndProject
Global
	GlobalSection(SolutionConfigurationPlatforms) = preSolution
		Debug|Any CPU = Debug|Any CPU
		Release|Any CPU = Release|Any CPU
	EndGlobalSection
	GlobalSection(ProjectConfigurationPlatforms) = postSolution
		{D779E47F-3BB8-4129-8ADA-12C47612A2E0}.Debug|Any CPU.ActiveCfg = Debug|Any CPU
		{D779E47F-3BB8-4129-8ADA-12C47612A2E0}.Debug|Any CPU.Build.0 = Debug|Any CPU
		{D779E47F-3BB8-4129-8ADA-12C47612A2E0}.Release|Any CPU.ActiveCfg = Release|Any CPU
		{D779E47F-3BB8-4129-8ADA-12C47612A2E0}.Release|Any CPU.Build.0 = Release|Any CPU
		{EAB9FE9C-76D2-4BA9-B854-43AB8FC1819C}.Debug|Any CPU.ActiveCfg = Debug|Any CPU
		{EAB9FE9C-76D2-4BA9-B854-43AB8FC1819C}.Debug|Any CPU.Build.0 = Debug|Any CPU
		{EAB9FE9C-76D2-4BA9-B854-43AB8FC1819C}.Release|Any CPU.ActiveCfg = Release|Any CPU
		{EAB9FE9C-76D2-4BA9-B854-43AB8FC1819C}.Release|Any CPU.Build.0 = Release|Any CPU
	EndGlobalSection
	GlobalSection(SolutionProperties) = preSolution
		HideSolutionNode = FALSE
	EndGlobalSection
	GlobalSection(ExtensibilityGlobals) = postSolution
		SolutionGuid = {7BDF46BF-014B-40B6-91B0-58181A474725}
	EndGlobalSection
EndGlobal
