
Microsoft Visual Studio Solution File, Format Version 12.00
# Visual Studio Version 17
VisualStudioVersion = 17.5.33627.172
MinimumVisualStudioVersion = 10.0.40219.1
Project("{FAE04EC0-301F-11D3-BF4B-00C04F79EFBC}") = "Hello World", "Hello World.csproj", "{56DCA65A-4A33-4239-9A1B-64A60C04679E}"
EndProject
Global
	GlobalSection(SolutionConfigurationPlatforms) = preSolution
		Debug|Any CPU = Debug|Any CPU
		Release|Any CPU = Release|Any CPU
	EndGlobalSection
	GlobalSection(ProjectConfigurationPlatforms) = postSolution
		{56DCA65A-4A33-4239-9A1B-64A60C04679E}.Debug|Any CPU.ActiveCfg = Debug|Any CPU
		{56DCA65A-4A33-4239-9A1B-64A60C04679E}.Debug|Any CPU.Build.0 = Debug|Any CPU
		{56DCA65A-4A33-4239-9A1B-64A60C04679E}.Release|Any CPU.ActiveCfg = Release|Any CPU
		{56DCA65A-4A33-4239-9A1B-64A60C04679E}.Release|Any CPU.Build.0 = Release|Any CPU
	EndGlobalSection
	GlobalSection(SolutionProperties) = preSolution
		HideSolutionNode = FALSE
	EndGlobalSection
	GlobalSection(ExtensibilityGlobals) = postSolution
		SolutionGuid = {C2DDD7DC-2228-4459-8AF4-88BB04A44483}
	EndGlobalSection
EndGlobal
